// !$*UTF8*$!
{
	archiveVersion = 1;
	classes = {
	};
	objectVersion = 56;
	objects = {

/* Begin PBXBuildFile section */
		D7344E5E29E9599F007FF2C0 /* SignupFormValidator.swift in Sources */ = {isa = PBXBuildFile; fileRef = D7344E5D29E9599F007FF2C0 /* SignupFormValidator.swift */; };
		D7344E6029E959F9007FF2C0 /* SignupConstants.swift in Sources */ = {isa = PBXBuildFile; fileRef = D7344E5F29E959F9007FF2C0 /* SignupConstants.swift */; };
		D7344E6429E96CA8007FF2C0 /* SignupWebServiceTests.swift in Sources */ = {isa = PBXBuildFile; fileRef = D7344E6329E96CA8007FF2C0 /* SignupWebServiceTests.swift */; };
		D7344E6629E96DC4007FF2C0 /* SignupWebService.swift in Sources */ = {isa = PBXBuildFile; fileRef = D7344E6529E96DC4007FF2C0 /* SignupWebService.swift */; };
		D7344E6829E97138007FF2C0 /* SignupFormModel.swift in Sources */ = {isa = PBXBuildFile; fileRef = D7344E6729E97138007FF2C0 /* SignupFormModel.swift */; };
		D7344E6A29E97D48007FF2C0 /* SignupResponseModel.swift in Sources */ = {isa = PBXBuildFile; fileRef = D7344E6929E97D48007FF2C0 /* SignupResponseModel.swift */; };
		D7344E6C29E97D6B007FF2C0 /* SignupErrors.swift in Sources */ = {isa = PBXBuildFile; fileRef = D7344E6B29E97D6B007FF2C0 /* SignupErrors.swift */; };
		D7344E6F29ED49D3007FF2C0 /* MockURLProtocol.swift in Sources */ = {isa = PBXBuildFile; fileRef = D7344E6E29ED49D3007FF2C0 /* MockURLProtocol.swift */; };
		D7FB28F529E8009600F08C47 /* UserRegistrationModuleApp.swift in Sources */ = {isa = PBXBuildFile; fileRef = D7FB28F429E8009600F08C47 /* UserRegistrationModuleApp.swift */; };
		D7FB28F729E8009600F08C47 /* SignupView.swift in Sources */ = {isa = PBXBuildFile; fileRef = D7FB28F629E8009600F08C47 /* SignupView.swift */; };
		D7FB28F929E8009A00F08C47 /* Assets.xcassets in Resources */ = {isa = PBXBuildFile; fileRef = D7FB28F829E8009A00F08C47 /* Assets.xcassets */; };
		D7FB28FC29E8009A00F08C47 /* Preview Assets.xcassets in Resources */ = {isa = PBXBuildFile; fileRef = D7FB28FB29E8009A00F08C47 /* Preview Assets.xcassets */; };
		D7FB291D29E84A0C00F08C47 /* SignupFormValidatorTests.swift in Sources */ = {isa = PBXBuildFile; fileRef = D7FB291C29E84A0C00F08C47 /* SignupFormValidatorTests.swift */; };
/* End PBXBuildFile section */

/* Begin PBXContainerItemProxy section */
		D7FB291729E8190800F08C47 /* PBXContainerItemProxy */ = {
			isa = PBXContainerItemProxy;
			containerPortal = D7FB28E929E8009600F08C47 /* Project object */;
			proxyType = 1;
			remoteGlobalIDString = D7FB28F029E8009600F08C47;
			remoteInfo = UserRegistrationModule;
		};
/* End PBXContainerItemProxy section */

/* Begin PBXFileReference section */
		D7344E5D29E9599F007FF2C0 /* SignupFormValidator.swift */ = {isa = PBXFileReference; lastKnownFileType = sourcecode.swift; path = SignupFormValidator.swift; sourceTree = "<group>"; };
		D7344E5F29E959F9007FF2C0 /* SignupConstants.swift */ = {isa = PBXFileReference; lastKnownFileType = sourcecode.swift; path = SignupConstants.swift; sourceTree = "<group>"; };
		D7344E6329E96CA8007FF2C0 /* SignupWebServiceTests.swift */ = {isa = PBXFileReference; lastKnownFileType = sourcecode.swift; path = SignupWebServiceTests.swift; sourceTree = "<group>"; };
		D7344E6529E96DC4007FF2C0 /* SignupWebService.swift */ = {isa = PBXFileReference; lastKnownFileType = sourcecode.swift; path = SignupWebService.swift; sourceTree = "<group>"; };
		D7344E6729E97138007FF2C0 /* SignupFormModel.swift */ = {isa = PBXFileReference; lastKnownFileType = sourcecode.swift; path = SignupFormModel.swift; sourceTree = "<group>"; };
		D7344E6929E97D48007FF2C0 /* SignupResponseModel.swift */ = {isa = PBXFileReference; lastKnownFileType = sourcecode.swift; path = SignupResponseModel.swift; sourceTree = "<group>"; };
		D7344E6B29E97D6B007FF2C0 /* SignupErrors.swift */ = {isa = PBXFileReference; lastKnownFileType = sourcecode.swift; path = SignupErrors.swift; sourceTree = "<group>"; };
		D7344E6D29EC7D7E007FF2C0 /* Info.plist */ = {isa = PBXFileReference; lastKnownFileType = text.plist; path = Info.plist; sourceTree = "<group>"; };
		D7344E6E29ED49D3007FF2C0 /* MockURLProtocol.swift */ = {isa = PBXFileReference; lastKnownFileType = sourcecode.swift; path = MockURLProtocol.swift; sourceTree = "<group>"; };
		D7FB28F129E8009600F08C47 /* UserRegistrationModule.app */ = {isa = PBXFileReference; explicitFileType = wrapper.application; includeInIndex = 0; path = UserRegistrationModule.app; sourceTree = BUILT_PRODUCTS_DIR; };
		D7FB28F429E8009600F08C47 /* UserRegistrationModuleApp.swift */ = {isa = PBXFileReference; lastKnownFileType = sourcecode.swift; path = UserRegistrationModuleApp.swift; sourceTree = "<group>"; };
		D7FB28F629E8009600F08C47 /* SignupView.swift */ = {isa = PBXFileReference; lastKnownFileType = sourcecode.swift; path = SignupView.swift; sourceTree = "<group>"; };
		D7FB28F829E8009A00F08C47 /* Assets.xcassets */ = {isa = PBXFileReference; lastKnownFileType = folder.assetcatalog; path = Assets.xcassets; sourceTree = "<group>"; };
		D7FB28FB29E8009A00F08C47 /* Preview Assets.xcassets */ = {isa = PBXFileReference; lastKnownFileType = folder.assetcatalog; path = "Preview Assets.xcassets"; sourceTree = "<group>"; };
		D7FB291329E8190800F08C47 /* UserRegistrationModuleTests.xctest */ = {isa = PBXFileReference; explicitFileType = wrapper.cfbundle; includeInIndex = 0; path = UserRegistrationModuleTests.xctest; sourceTree = BUILT_PRODUCTS_DIR; };
		D7FB291C29E84A0C00F08C47 /* SignupFormValidatorTests.swift */ = {isa = PBXFileReference; lastKnownFileType = sourcecode.swift; path = SignupFormValidatorTests.swift; sourceTree = "<group>"; };
/* End PBXFileReference section */

/* Begin PBXFrameworksBuildPhase section */
		D7FB28EE29E8009600F08C47 /* Frameworks */ = {
			isa = PBXFrameworksBuildPhase;
			buildActionMask = 2147483647;
			files = (
			);
			runOnlyForDeploymentPostprocessing = 0;
		};
		D7FB291029E8190800F08C47 /* Frameworks */ = {
			isa = PBXFrameworksBuildPhase;
			buildActionMask = 2147483647;
			files = (
			);
			runOnlyForDeploymentPostprocessing = 0;
		};
/* End PBXFrameworksBuildPhase section */

/* Begin PBXGroup section */
		D7344E5C29E95960007FF2C0 /* Models */ = {
			isa = PBXGroup;
			children = (
				D7344E5D29E9599F007FF2C0 /* SignupFormValidator.swift */,
				D7344E5F29E959F9007FF2C0 /* SignupConstants.swift */,
			);
			path = Models;
			sourceTree = "<group>";
		};
		D7344E6129E95CA9007FF2C0 /* ViewModel */ = {
			isa = PBXGroup;
			children = (
				D7344E6529E96DC4007FF2C0 /* SignupWebService.swift */,
				D7344E6729E97138007FF2C0 /* SignupFormModel.swift */,
				D7344E6929E97D48007FF2C0 /* SignupResponseModel.swift */,
				D7344E6B29E97D6B007FF2C0 /* SignupErrors.swift */,
			);
			path = ViewModel;
			sourceTree = "<group>";
		};
		D7344E6229E95CB8007FF2C0 /* View */ = {
			isa = PBXGroup;
			children = (
				D7FB28F629E8009600F08C47 /* SignupView.swift */,
			);
			path = View;
			sourceTree = "<group>";
		};
		D7FB28E829E8009600F08C47 = {
			isa = PBXGroup;
			children = (
				D7FB28F329E8009600F08C47 /* UserRegistrationModule */,
				D7FB291429E8190800F08C47 /* UserRegistrationModuleTests */,
				D7FB28F229E8009600F08C47 /* Products */,
			);
			sourceTree = "<group>";
		};
		D7FB28F229E8009600F08C47 /* Products */ = {
			isa = PBXGroup;
			children = (
				D7FB28F129E8009600F08C47 /* UserRegistrationModule.app */,
				D7FB291329E8190800F08C47 /* UserRegistrationModuleTests.xctest */,
			);
			name = Products;
			sourceTree = "<group>";
		};
		D7FB28F329E8009600F08C47 /* UserRegistrationModule */ = {
			isa = PBXGroup;
			children = (
				D7344E5C29E95960007FF2C0 /* Models */,
				D7344E6229E95CB8007FF2C0 /* View */,
				D7344E6129E95CA9007FF2C0 /* ViewModel */,
				D7FB28F429E8009600F08C47 /* UserRegistrationModuleApp.swift */,
				D7FB28F829E8009A00F08C47 /* Assets.xcassets */,
				D7FB28FA29E8009A00F08C47 /* Preview Content */,
			);
			path = UserRegistrationModule;
			sourceTree = "<group>";
		};
		D7FB28FA29E8009A00F08C47 /* Preview Content */ = {
			isa = PBXGroup;
			children = (
				D7FB28FB29E8009A00F08C47 /* Preview Assets.xcassets */,
			);
			path = "Preview Content";
			sourceTree = "<group>";
		};
		D7FB291429E8190800F08C47 /* UserRegistrationModuleTests */ = {
			isa = PBXGroup;
			children = (
				D7344E6D29EC7D7E007FF2C0 /* Info.plist */,
				D7FB291C29E84A0C00F08C47 /* SignupFormValidatorTests.swift */,
				D7344E6329E96CA8007FF2C0 /* SignupWebServiceTests.swift */,
				D7344E6E29ED49D3007FF2C0 /* MockURLProtocol.swift */,
			);
			path = UserRegistrationModuleTests;
			sourceTree = "<group>";
		};
/* End PBXGroup section */

/* Begin PBXNativeTarget section */
		D7FB28F029E8009600F08C47 /* UserRegistrationModule */ = {
			isa = PBXNativeTarget;
			buildConfigurationList = D7FB28FF29E8009A00F08C47 /* Build configuration list for PBXNativeTarget "UserRegistrationModule" */;
			buildPhases = (
				D7FB28ED29E8009600F08C47 /* Sources */,
				D7FB28EE29E8009600F08C47 /* Frameworks */,
				D7FB28EF29E8009600F08C47 /* Resources */,
			);
			buildRules = (
			);
			dependencies = (
			);
			name = UserRegistrationModule;
			productName = UserRegistrationModule;
			productReference = D7FB28F129E8009600F08C47 /* UserRegistrationModule.app */;
			productType = "com.apple.product-type.application";
		};
		D7FB291229E8190800F08C47 /* UserRegistrationModuleTests */ = {
			isa = PBXNativeTarget;
			buildConfigurationList = D7FB291929E8190800F08C47 /* Build configuration list for PBXNativeTarget "UserRegistrationModuleTests" */;
			buildPhases = (
				D7FB290F29E8190800F08C47 /* Sources */,
				D7FB291029E8190800F08C47 /* Frameworks */,
				D7FB291129E8190800F08C47 /* Resources */,
			);
			buildRules = (
			);
			dependencies = (
				D7FB291829E8190800F08C47 /* PBXTargetDependency */,
			);
			name = UserRegistrationModuleTests;
			productName = UserRegistrationModuleTests;
			productReference = D7FB291329E8190800F08C47 /* UserRegistrationModuleTests.xctest */;
			productType = "com.apple.product-type.bundle.unit-test";
		};
/* End PBXNativeTarget section */

/* Begin PBXProject section */
		D7FB28E929E8009600F08C47 /* Project object */ = {
			isa = PBXProject;
			attributes = {
				BuildIndependentTargetsInParallel = 1;
				LastSwiftUpdateCheck = 1420;
				LastUpgradeCheck = 1420;
				TargetAttributes = {
					D7FB28F029E8009600F08C47 = {
						CreatedOnToolsVersion = 14.2;
					};
					D7FB291229E8190800F08C47 = {
						CreatedOnToolsVersion = 14.2;
						TestTargetID = D7FB28F029E8009600F08C47;
					};
				};
			};
			buildConfigurationList = D7FB28EC29E8009600F08C47 /* Build configuration list for PBXProject "UserRegistrationModule" */;
			compatibilityVersion = "Xcode 14.0";
			developmentRegion = en;
			hasScannedForEncodings = 0;
			knownRegions = (
				en,
				Base,
			);
			mainGroup = D7FB28E829E8009600F08C47;
			productRefGroup = D7FB28F229E8009600F08C47 /* Products */;
			projectDirPath = "";
			projectRoot = "";
			targets = (
				D7FB28F029E8009600F08C47 /* UserRegistrationModule */,
				D7FB291229E8190800F08C47 /* UserRegistrationModuleTests */,
			);
		};
/* End PBXProject section */

/* Begin PBXResourcesBuildPhase section */
		D7FB28EF29E8009600F08C47 /* Resources */ = {
			isa = PBXResourcesBuildPhase;
			buildActionMask = 2147483647;
			files = (
				D7FB28FC29E8009A00F08C47 /* Preview Assets.xcassets in Resources */,
				D7FB28F929E8009A00F08C47 /* Assets.xcassets in Resources */,
			);
			runOnlyForDeploymentPostprocessing = 0;
		};
		D7FB291129E8190800F08C47 /* Resources */ = {
			isa = PBXResourcesBuildPhase;
			buildActionMask = 2147483647;
			files = (
			);
			runOnlyForDeploymentPostprocessing = 0;
		};
/* End PBXResourcesBuildPhase section */

/* Begin PBXSourcesBuildPhase section */
		D7FB28ED29E8009600F08C47 /* Sources */ = {
			isa = PBXSourcesBuildPhase;
			buildActionMask = 2147483647;
			files = (
				D7344E6C29E97D6B007FF2C0 /* SignupErrors.swift in Sources */,
				D7344E6629E96DC4007FF2C0 /* SignupWebService.swift in Sources */,
				D7344E6A29E97D48007FF2C0 /* SignupResponseModel.swift in Sources */,
				D7344E6829E97138007FF2C0 /* SignupFormModel.swift in Sources */,
				D7FB28F729E8009600F08C47 /* SignupView.swift in Sources */,
				D7344E5E29E9599F007FF2C0 /* SignupFormValidator.swift in Sources */,
				D7FB28F529E8009600F08C47 /* UserRegistrationModuleApp.swift in Sources */,
				D7344E6029E959F9007FF2C0 /* SignupConstants.swift in Sources */,
			);
			runOnlyForDeploymentPostprocessing = 0;
		};
		D7FB290F29E8190800F08C47 /* Sources */ = {
			isa = PBXSourcesBuildPhase;
			buildActionMask = 2147483647;
			files = (
				D7344E6F29ED49D3007FF2C0 /* MockURLProtocol.swift in Sources */,
				D7344E6429E96CA8007FF2C0 /* SignupWebServiceTests.swift in Sources */,
				D7FB291D29E84A0C00F08C47 /* SignupFormValidatorTests.swift in Sources */,
			);
			runOnlyForDeploymentPostprocessing = 0;
		};
/* End PBXSourcesBuildPhase section */

/* Begin PBXTargetDependency section */
		D7FB291829E8190800F08C47 /* PBXTargetDependency */ = {
			isa = PBXTargetDependency;
			target = D7FB28F029E8009600F08C47 /* UserRegistrationModule */;
			targetProxy = D7FB291729E8190800F08C47 /* PBXContainerItemProxy */;
		};
/* End PBXTargetDependency section */

/* Begin XCBuildConfiguration section */
		D7FB28FD29E8009A00F08C47 /* Debug */ = {
			isa = XCBuildConfiguration;
			buildSettings = {
				ALWAYS_SEARCH_USER_PATHS = NO;
				CLANG_ANALYZER_NONNULL = YES;
				CLANG_ANALYZER_NUMBER_OBJECT_CONVERSION = YES_AGGRESSIVE;
				CLANG_CXX_LANGUAGE_STANDARD = "gnu++20";
				CLANG_ENABLE_MODULES = YES;
				CLANG_ENABLE_OBJC_ARC = YES;
				CLANG_ENABLE_OBJC_WEAK = YES;
				CLANG_WARN_BLOCK_CAPTURE_AUTORELEASING = YES;
				CLANG_WARN_BOOL_CONVERSION = YES;
				CLANG_WARN_COMMA = YES;
				CLANG_WARN_CONSTANT_CONVERSION = YES;
				CLANG_WARN_DEPRECATED_OBJC_IMPLEMENTATIONS = YES;
				CLANG_WARN_DIRECT_OBJC_ISA_USAGE = YES_ERROR;
				CLANG_WARN_DOCUMENTATION_COMMENTS = YES;
				CLANG_WARN_EMPTY_BODY = YES;
				CLANG_WARN_ENUM_CONVERSION = YES;
				CLANG_WARN_INFINITE_RECURSION = YES;
				CLANG_WARN_INT_CONVERSION = YES;
				CLANG_WARN_NON_LITERAL_NULL_CONVERSION = YES;
				CLANG_WARN_OBJC_IMPLICIT_RETAIN_SELF = YES;
				CLANG_WARN_OBJC_LITERAL_CONVERSION = YES;
				CLANG_WARN_OBJC_ROOT_CLASS = YES_ERROR;
				CLANG_WARN_QUOTED_INCLUDE_IN_FRAMEWORK_HEADER = YES;
				CLANG_WARN_RANGE_LOOP_ANALYSIS = YES;
				CLANG_WARN_STRICT_PROTOTYPES = YES;
				CLANG_WARN_SUSPICIOUS_MOVE = YES;
				CLANG_WARN_UNGUARDED_AVAILABILITY = YES_AGGRESSIVE;
				CLANG_WARN_UNREACHABLE_CODE = YES;
				CLANG_WARN__DUPLICATE_METHOD_MATCH = YES;
				COPY_PHASE_STRIP = NO;
				DEBUG_INFORMATION_FORMAT = dwarf;
				ENABLE_STRICT_OBJC_MSGSEND = YES;
				ENABLE_TESTABILITY = YES;
				GCC_C_LANGUAGE_STANDARD = gnu11;
				GCC_DYNAMIC_NO_PIC = NO;
				GCC_NO_COMMON_BLOCKS = YES;
				GCC_OPTIMIZATION_LEVEL = 0;
				GCC_PREPROCESSOR_DEFINITIONS = (
					"DEBUG=1",
					"$(inherited)",
				);
				GCC_WARN_64_TO_32_BIT_CONVERSION = YES;
				GCC_WARN_ABOUT_RETURN_TYPE = YES_ERROR;
				GCC_WARN_UNDECLARED_SELECTOR = YES;
				GCC_WARN_UNINITIALIZED_AUTOS = YES_AGGRESSIVE;
				GCC_WARN_UNUSED_FUNCTION = YES;
				GCC_WARN_UNUSED_VARIABLE = YES;
				IPHONEOS_DEPLOYMENT_TARGET = 16.2;
				MTL_ENABLE_DEBUG_INFO = INCLUDE_SOURCE;
				MTL_FAST_MATH = YES;
				ONLY_ACTIVE_ARCH = YES;
				SDKROOT = iphoneos;
				SWIFT_ACTIVE_COMPILATION_CONDITIONS = DEBUG;
				SWIFT_OPTIMIZATION_LEVEL = "-Onone";
			};
			name = Debug;
		};
		D7FB28FE29E8009A00F08C47 /* Release */ = {
			isa = XCBuildConfiguration;
			buildSettings = {
				ALWAYS_SEARCH_USER_PATHS = NO;
				CLANG_ANALYZER_NONNULL = YES;
				CLANG_ANALYZER_NUMBER_OBJECT_CONVERSION = YES_AGGRESSIVE;
				CLANG_CXX_LANGUAGE_STANDARD = "gnu++20";
				CLANG_ENABLE_MODULES = YES;
				CLANG_ENABLE_OBJC_ARC = YES;
				CLANG_ENABLE_OBJC_WEAK = YES;
				CLANG_WARN_BLOCK_CAPTURE_AUTORELEASING = YES;
				CLANG_WARN_BOOL_CONVERSION = YES;
				CLANG_WARN_COMMA = YES;
				CLANG_WARN_CONSTANT_CONVERSION = YES;
				CLANG_WARN_DEPRECATED_OBJC_IMPLEMENTATIONS = YES;
				CLANG_WARN_DIRECT_OBJC_ISA_USAGE = YES_ERROR;
				CLANG_WARN_DOCUMENTATION_COMMENTS = YES;
				CLANG_WARN_EMPTY_BODY = YES;
				CLANG_WARN_ENUM_CONVERSION = YES;
				CLANG_WARN_INFINITE_RECURSION = YES;
				CLANG_WARN_INT_CONVERSION = YES;
				CLANG_WARN_NON_LITERAL_NULL_CONVERSION = YES;
				CLANG_WARN_OBJC_IMPLICIT_RETAIN_SELF = YES;
				CLANG_WARN_OBJC_LITERAL_CONVERSION = YES;
				CLANG_WARN_OBJC_ROOT_CLASS = YES_ERROR;
				CLANG_WARN_QUOTED_INCLUDE_IN_FRAMEWORK_HEADER = YES;
				CLANG_WARN_RANGE_LOOP_ANALYSIS = YES;
				CLANG_WARN_STRICT_PROTOTYPES = YES;
				CLANG_WARN_SUSPICIOUS_MOVE = YES;
				CLANG_WARN_UNGUARDED_AVAILABILITY = YES_AGGRESSIVE;
				CLANG_WARN_UNREACHABLE_CODE = YES;
				CLANG_WARN__DUPLICATE_METHOD_MATCH = YES;
				COPY_PHASE_STRIP = NO;
				DEBUG_INFORMATION_FORMAT = "dwarf-with-dsym";
				ENABLE_NS_ASSERTIONS = NO;
				ENABLE_STRICT_OBJC_MSGSEND = YES;
				GCC_C_LANGUAGE_STANDARD = gnu11;
				GCC_NO_COMMON_BLOCKS = YES;
				GCC_WARN_64_TO_32_BIT_CONVERSION = YES;
				GCC_WARN_ABOUT_RETURN_TYPE = YES_ERROR;
				GCC_WARN_UNDECLARED_SELECTOR = YES;
				GCC_WARN_UNINITIALIZED_AUTOS = YES_AGGRESSIVE;
				GCC_WARN_UNUSED_FUNCTION = YES;
				GCC_WARN_UNUSED_VARIABLE = YES;
				IPHONEOS_DEPLOYMENT_TARGET = 16.2;
				MTL_ENABLE_DEBUG_INFO = NO;
				MTL_FAST_MATH = YES;
				SDKROOT = iphoneos;
				SWIFT_COMPILATION_MODE = wholemodule;
				SWIFT_OPTIMIZATION_LEVEL = "-O";
				VALIDATE_PRODUCT = YES;
			};
			name = Release;
		};
		D7FB290029E8009A00F08C47 /* Debug */ = {
			isa = XCBuildConfiguration;
			buildSettings = {
				ASSETCATALOG_COMPILER_APPICON_NAME = AppIcon;
				ASSETCATALOG_COMPILER_GLOBAL_ACCENT_COLOR_NAME = AccentColor;
				CODE_SIGN_STYLE = Automatic;
				CURRENT_PROJECT_VERSION = 1;
				DEVELOPMENT_ASSET_PATHS = "\"UserRegistrationModule/Preview Content\"";
				DEVELOPMENT_TEAM = JJA34783R3;
				ENABLE_PREVIEWS = YES;
				GENERATE_INFOPLIST_FILE = YES;
				INFOPLIST_KEY_UIApplicationSceneManifest_Generation = YES;
				INFOPLIST_KEY_UIApplicationSupportsIndirectInputEvents = YES;
				INFOPLIST_KEY_UILaunchScreen_Generation = YES;
				INFOPLIST_KEY_UISupportedInterfaceOrientations_iPad = "UIInterfaceOrientationPortrait UIInterfaceOrientationPortraitUpsideDown UIInterfaceOrientationLandscapeLeft UIInterfaceOrientationLandscapeRight";
				INFOPLIST_KEY_UISupportedInterfaceOrientations_iPhone = "UIInterfaceOrientationPortrait UIInterfaceOrientationLandscapeLeft UIInterfaceOrientationLandscapeRight";
				LD_RUNPATH_SEARCH_PATHS = (
					"$(inherited)",
					"@executable_path/Frameworks",
				);
				MARKETING_VERSION = 1.0;
				PRODUCT_BUNDLE_IDENTIFIER = me.mehmood.asad.UserRegistrationModule;
				PRODUCT_NAME = "$(TARGET_NAME)";
				SWIFT_EMIT_LOC_STRINGS = YES;
				SWIFT_VERSION = 5.0;
				TARGETED_DEVICE_FAMILY = "1,2";
			};
			name = Debug;
		};
		D7FB290129E8009A00F08C47 /* Release */ = {
			isa = XCBuildConfiguration;
			buildSettings = {
				ASSETCATALOG_COMPILER_APPICON_NAME = AppIcon;
				ASSETCATALOG_COMPILER_GLOBAL_ACCENT_COLOR_NAME = AccentColor;
				CODE_SIGN_STYLE = Automatic;
				CURRENT_PROJECT_VERSION = 1;
				DEVELOPMENT_ASSET_PATHS = "\"UserRegistrationModule/Preview Content\"";
				DEVELOPMENT_TEAM = JJA34783R3;
				ENABLE_PREVIEWS = YES;
				GENERATE_INFOPLIST_FILE = YES;
				INFOPLIST_KEY_UIApplicationSceneManifest_Generation = YES;
				INFOPLIST_KEY_UIApplicationSupportsIndirectInputEvents = YES;
				INFOPLIST_KEY_UILaunchScreen_Generation = YES;
				INFOPLIST_KEY_UISupportedInterfaceOrientations_iPad = "UIInterfaceOrientationPortrait UIInterfaceOrientationPortraitUpsideDown UIInterfaceOrientationLandscapeLeft UIInterfaceOrientationLandscapeRight";
				INFOPLIST_KEY_UISupportedInterfaceOrientations_iPhone = "UIInterfaceOrientationPortrait UIInterfaceOrientationLandscapeLeft UIInterfaceOrientationLandscapeRight";
				LD_RUNPATH_SEARCH_PATHS = (
					"$(inherited)",
					"@executable_path/Frameworks",
				);
				MARKETING_VERSION = 1.0;
				PRODUCT_BUNDLE_IDENTIFIER = me.mehmood.asad.UserRegistrationModule;
				PRODUCT_NAME = "$(TARGET_NAME)";
				SWIFT_EMIT_LOC_STRINGS = YES;
				SWIFT_VERSION = 5.0;
				TARGETED_DEVICE_FAMILY = "1,2";
			};
			name = Release;
		};
		D7FB291A29E8190800F08C47 /* Debug */ = {
			isa = XCBuildConfiguration;
			buildSettings = {
				BUNDLE_LOADER = "$(TEST_HOST)";
				CODE_SIGN_STYLE = Automatic;
				CURRENT_PROJECT_VERSION = 1;
				DEVELOPMENT_TEAM = JJA34783R3;
				GENERATE_INFOPLIST_FILE = YES;
				INFOPLIST_FILE = UserRegistrationModuleTests/Info.plist;
				INFOPLIST_KEY_LSApplicationCategoryType = "";
				MARKETING_VERSION = 1.0;
				PRODUCT_BUNDLE_IDENTIFIER = me.mehmood.asad.UserRegistrationModuleTests;
				PRODUCT_NAME = "$(TARGET_NAME)";
				SWIFT_EMIT_LOC_STRINGS = NO;
				SWIFT_VERSION = 5.0;
				TARGETED_DEVICE_FAMILY = "1,2";
				TEST_HOST = "$(BUILT_PRODUCTS_DIR)/UserRegistrationModule.app/$(BUNDLE_EXECUTABLE_FOLDER_PATH)/UserRegistrationModule";
			};
			name = Debug;
		};
		D7FB291B29E8190800F08C47 /* Release */ = {
			isa = XCBuildConfiguration;
			buildSettings = {
				BUNDLE_LOADER = "$(TEST_HOST)";
				CODE_SIGN_STYLE = Automatic;
				CURRENT_PROJECT_VERSION = 1;
				DEVELOPMENT_TEAM = JJA34783R3;
				GENERATE_INFOPLIST_FILE = YES;
				INFOPLIST_FILE = UserRegistrationModuleTests/Info.plist;
				INFOPLIST_KEY_LSApplicationCategoryType = "";
				MARKETING_VERSION = 1.0;
				PRODUCT_BUNDLE_IDENTIFIER = me.mehmood.asad.UserRegistrationModuleTests;
				PRODUCT_NAME = "$(TARGET_NAME)";
				SWIFT_EMIT_LOC_STRINGS = NO;
				SWIFT_VERSION = 5.0;
				TARGETED_DEVICE_FAMILY = "1,2";
				TEST_HOST = "$(BUILT_PRODUCTS_DIR)/UserRegistrationModule.app/$(BUNDLE_EXECUTABLE_FOLDER_PATH)/UserRegistrationModule";
			};
			name = Release;
		};
/* End XCBuildConfiguration section */

/* Begin XCConfigurationList section */
		D7FB28EC29E8009600F08C47 /* Build configuration list for PBXProject "UserRegistrationModule" */ = {
			isa = XCConfigurationList;
			buildConfigurations = (
				D7FB28FD29E8009A00F08C47 /* Debug */,
				D7FB28FE29E8009A00F08C47 /* Release */,
			);
			defaultConfigurationIsVisible = 0;
			defaultConfigurationName = Release;
		};
		D7FB28FF29E8009A00F08C47 /* Build configuration list for PBXNativeTarget "UserRegistrationModule" */ = {
			isa = XCConfigurationList;
			buildConfigurations = (
				D7FB290029E8009A00F08C47 /* Debug */,
				D7FB290129E8009A00F08C47 /* Release */,
			);
			defaultConfigurationIsVisible = 0;
			defaultConfigurationName = Release;
		};
		D7FB291929E8190800F08C47 /* Build configuration list for PBXNativeTarget "UserRegistrationModuleTests" */ = {
			isa = XCConfigurationList;
			buildConfigurations = (
				D7FB291A29E8190800F08C47 /* Debug */,
				D7FB291B29E8190800F08C47 /* Release */,
			);
			defaultConfigurationIsVisible = 0;
			defaultConfigurationName = Release;
		};
/* End XCConfigurationList section */
	};
	rootObject = D7FB28E929E8009600F08C47 /* Project object */;
}
